PODS:
  - sharedmodels (1.0)

DEPENDENCIES:
  - sharedmodels (from `../sharedmodels`)

EXTERNAL SOURCES:
  sharedmodels:
    :path: "../sharedmodels"

SPEC CHECKSUMS:
  sharedmodels: 6f3981e4f391a179546d3e044c7dbe88e88b786b

PODFILE CHECKSUM: 50d494e7034190a1a6868e02d19d8569f316b102

COCOAPODS: 1.9.3
